
Microsoft Visual Studio Solution File, Format Version 12.00
# Visual Studio Version 17
VisualStudioVersion = 17.7.34024.191
MinimumVisualStudioVersion = 10.0.40219.1
Project("{FAE04EC0-301F-11D3-BF4B-00C04F79EFBC}") = "la-mia-pizzeria-static", "la-mia-pizzeria-static\la-mia-pizzeria-static.csproj", "{4401011A-BE4F-4650-905E-55026FA7BDD1}"
EndProject
Global
	GlobalSection(SolutionConfigurationPlatforms) = preSolution
		Debug|Any CPU = Debug|Any CPU
		Release|Any CPU = Release|Any CPU
	EndGlobalSection
	GlobalSection(ProjectConfigurationPlatforms) = postSolution
		{4401011A-BE4F-4650-905E-55026FA7BDD1}.Debug|Any CPU.ActiveCfg = Debug|Any CPU
		{4401011A-BE4F-4650-905E-55026FA7BDD1}.Debug|Any CPU.Build.0 = Debug|Any CPU
		{4401011A-BE4F-4650-905E-55026FA7BDD1}.Release|Any CPU.ActiveCfg = Release|Any CPU
		{4401011A-BE4F-4650-905E-55026FA7BDD1}.Release|Any CPU.Build.0 = Release|Any CPU
	EndGlobalSection
	GlobalSection(SolutionProperties) = preSolution
		HideSolutionNode = FALSE
	EndGlobalSection
	GlobalSection(ExtensibilityGlobals) = postSolution
		SolutionGuid = {C2EC692D-7B10-49B9-A2B5-B4B67E8DA517}
	EndGlobalSection
EndGlobal
